
Microsoft Visual Studio Solution File, Format Version 12.00
# Visual Studio Version 16
VisualStudioVersion = 16.0.32428.217
MinimumVisualStudioVersion = 10.0.40219.1
Project("{FAE04EC0-301F-11D3-BF4B-00C04F79EFBC}") = "Project_Exam_System", "Project_Exam_System\Project_Exam_System.csproj", "{13556F46-FC66-4CF2-BDE5-C0FA634C30D4}"
EndProject
Global
	GlobalSection(SolutionConfigurationPlatforms) = preSolution
		Debug|Any CPU = Debug|Any CPU
		Release|Any CPU = Release|Any CPU
	EndGlobalSection
	GlobalSection(ProjectConfigurationPlatforms) = postSolution
		{13556F46-FC66-4CF2-BDE5-C0FA634C30D4}.Debug|Any CPU.ActiveCfg = Debug|Any CPU
		{13556F46-FC66-4CF2-BDE5-C0FA634C30D4}.Debug|Any CPU.Build.0 = Debug|Any CPU
		{13556F46-FC66-4CF2-BDE5-C0FA634C30D4}.Release|Any CPU.ActiveCfg = Release|Any CPU
		{13556F46-FC66-4CF2-BDE5-C0FA634C30D4}.Release|Any CPU.Build.0 = Release|Any CPU
	EndGlobalSection
	GlobalSection(SolutionProperties) = preSolution
		HideSolutionNode = FALSE
	EndGlobalSection
	GlobalSection(ExtensibilityGlobals) = postSolution
		SolutionGuid = {3EA9BE60-7982-4D03-95CC-1D9F29CBE502}
	EndGlobalSection
EndGlobal
